
Microsoft Visual Studio Solution File, Format Version 12.00
# Visual Studio Version 17
VisualStudioVersion = 17.4.33122.133
MinimumVisualStudioVersion = 10.0.40219.1
Project("{2150E333-8FDC-42A3-9474-1A3956D46DE8}") = "Core", "Core", "{AB2DCD29-30BF-43B9-BA2D-46685BE04C6A}"
EndProject
Project("{9A19103F-16F7-4668-BE54-9A1E7A4F7556}") = "TrueOnion.DOMAIN", "TrueOnion.DOMAIN\TrueOnion.DOMAIN.csproj", "{F0860DAE-F375-449A-8116-D049C2346DD7}"
EndProject
Project("{9A19103F-16F7-4668-BE54-9A1E7A4F7556}") = "TrueOnion.APPLICATION", "TrueOnion.APPLICATION\TrueOnion.APPLICATION.csproj", "{8D6C29C8-C0E3-4B1F-BF3A-A75699ADAA52}"
EndProject
Project("{2150E333-8FDC-42A3-9474-1A3956D46DE8}") = "Infrastructure", "Infrastructure", "{24D3D451-1AA4-4091-98DD-7A7B7E6AA81E}"
EndProject
Project("{9A19103F-16F7-4668-BE54-9A1E7A4F7556}") = "TrueOnion.INFRASTRUCTURE", "TrueOnion.INFRASTRUCTURE\TrueOnion.INFRASTRUCTURE.csproj", "{4AB59FF8-6930-42FC-82BC-E98118050103}"
EndProject
Project("{9A19103F-16F7-4668-BE54-9A1E7A4F7556}") = "TrueOnion.PERSISTINCE", "TrueOnion.PERSISTINCE\TrueOnion.PERSISTINCE.csproj", "{D5DE2B73-B479-4204-A1EC-E59E5562E9B5}"
EndProject
Project("{2150E333-8FDC-42A3-9474-1A3956D46DE8}") = "Presentation", "Presentation", "{2267B763-BC3E-4EA2-9801-D8B6090CB59B}"
EndProject
Project("{9A19103F-16F7-4668-BE54-9A1E7A4F7556}") = "TrueOnion.WEB", "TrueOnion.WEB\TrueOnion.WEB.csproj", "{6CFD0625-48DE-4DCC-9E97-FEB9662F285F}"
EndProject
Project("{FAE04EC0-301F-11D3-BF4B-00C04F79EFBC}") = "TrueOnion.API", "TrueOnion.API\TrueOnion.API.csproj", "{EBCE7F21-9F45-44C1-86E0-A5C278C749A6}"
EndProject
Global
	GlobalSection(SolutionConfigurationPlatforms) = preSolution
		Debug|Any CPU = Debug|Any CPU
		Release|Any CPU = Release|Any CPU
	EndGlobalSection
	GlobalSection(ProjectConfigurationPlatforms) = postSolution
		{F0860DAE-F375-449A-8116-D049C2346DD7}.Debug|Any CPU.ActiveCfg = Debug|Any CPU
		{F0860DAE-F375-449A-8116-D049C2346DD7}.Debug|Any CPU.Build.0 = Debug|Any CPU
		{F0860DAE-F375-449A-8116-D049C2346DD7}.Release|Any CPU.ActiveCfg = Release|Any CPU
		{F0860DAE-F375-449A-8116-D049C2346DD7}.Release|Any CPU.Build.0 = Release|Any CPU
		{8D6C29C8-C0E3-4B1F-BF3A-A75699ADAA52}.Debug|Any CPU.ActiveCfg = Debug|Any CPU
		{8D6C29C8-C0E3-4B1F-BF3A-A75699ADAA52}.Debug|Any CPU.Build.0 = Debug|Any CPU
		{8D6C29C8-C0E3-4B1F-BF3A-A75699ADAA52}.Release|Any CPU.ActiveCfg = Release|Any CPU
		{8D6C29C8-C0E3-4B1F-BF3A-A75699ADAA52}.Release|Any CPU.Build.0 = Release|Any CPU
		{4AB59FF8-6930-42FC-82BC-E98118050103}.Debug|Any CPU.ActiveCfg = Debug|Any CPU
		{4AB59FF8-6930-42FC-82BC-E98118050103}.Debug|Any CPU.Build.0 = Debug|Any CPU
		{4AB59FF8-6930-42FC-82BC-E98118050103}.Release|Any CPU.ActiveCfg = Release|Any CPU
		{4AB59FF8-6930-42FC-82BC-E98118050103}.Release|Any CPU.Build.0 = Release|Any CPU
		{D5DE2B73-B479-4204-A1EC-E59E5562E9B5}.Debug|Any CPU.ActiveCfg = Debug|Any CPU
		{D5DE2B73-B479-4204-A1EC-E59E5562E9B5}.Debug|Any CPU.Build.0 = Debug|Any CPU
		{D5DE2B73-B479-4204-A1EC-E59E5562E9B5}.Release|Any CPU.ActiveCfg = Release|Any CPU
		{D5DE2B73-B479-4204-A1EC-E59E5562E9B5}.Release|Any CPU.Build.0 = Release|Any CPU
		{6CFD0625-48DE-4DCC-9E97-FEB9662F285F}.Debug|Any CPU.ActiveCfg = Debug|Any CPU
		{6CFD0625-48DE-4DCC-9E97-FEB9662F285F}.Debug|Any CPU.Build.0 = Debug|Any CPU
		{6CFD0625-48DE-4DCC-9E97-FEB9662F285F}.Release|Any CPU.ActiveCfg = Release|Any CPU
		{6CFD0625-48DE-4DCC-9E97-FEB9662F285F}.Release|Any CPU.Build.0 = Release|Any CPU
		{EBCE7F21-9F45-44C1-86E0-A5C278C749A6}.Debug|Any CPU.ActiveCfg = Debug|Any CPU
		{EBCE7F21-9F45-44C1-86E0-A5C278C749A6}.Debug|Any CPU.Build.0 = Debug|Any CPU
		{EBCE7F21-9F45-44C1-86E0-A5C278C749A6}.Release|Any CPU.ActiveCfg = Release|Any CPU
		{EBCE7F21-9F45-44C1-86E0-A5C278C749A6}.Release|Any CPU.Build.0 = Release|Any CPU
	EndGlobalSection
	GlobalSection(SolutionProperties) = preSolution
		HideSolutionNode = FALSE
	EndGlobalSection
	GlobalSection(NestedProjects) = preSolution
		{F0860DAE-F375-449A-8116-D049C2346DD7} = {AB2DCD29-30BF-43B9-BA2D-46685BE04C6A}
		{8D6C29C8-C0E3-4B1F-BF3A-A75699ADAA52} = {AB2DCD29-30BF-43B9-BA2D-46685BE04C6A}
		{4AB59FF8-6930-42FC-82BC-E98118050103} = {24D3D451-1AA4-4091-98DD-7A7B7E6AA81E}
		{D5DE2B73-B479-4204-A1EC-E59E5562E9B5} = {24D3D451-1AA4-4091-98DD-7A7B7E6AA81E}
		{6CFD0625-48DE-4DCC-9E97-FEB9662F285F} = {2267B763-BC3E-4EA2-9801-D8B6090CB59B}
		{EBCE7F21-9F45-44C1-86E0-A5C278C749A6} = {2267B763-BC3E-4EA2-9801-D8B6090CB59B}
	EndGlobalSection
	GlobalSection(ExtensibilityGlobals) = postSolution
		SolutionGuid = {C77C484A-81C9-4F35-B8F4-E40E65BC6CB1}
	EndGlobalSection
EndGlobal
